
Microsoft Visual Studio Solution File, Format Version 12.00
# Visual Studio Version 16
VisualStudioVersion = 16.0.30320.27
MinimumVisualStudioVersion = 10.0.40219.1
Project("{8BC9CEB8-8B4A-11D0-8D11-00A0C91BC942}") = "测试", "测试\测试.vcxproj", "{1889FA2D-CCBB-401E-8DC2-9A991CE35D03}"
EndProject
Project("{8BC9CEB8-8B4A-11D0-8D11-00A0C91BC942}") = "Navicat2", "Navicat2\Navicat2.vcxproj", "{631DD6E1-09EE-4620-8C7A-4D173840D436}"
EndProject
Project("{8BC9CEB8-8B4A-11D0-8D11-00A0C91BC942}") = "图片大小处理", "图片大小处理\图片大小处理.vcxproj", "{A2B750BF-8B08-41AC-9EF8-31D90F906ACB}"
EndProject
Project("{FAE04EC0-301F-11D3-BF4B-00C04F79EFBC}") = "Excel读取", "Excel读取\Excel读取.csproj", "{E796E9E2-2A3D-425E-8FBE-D6ED87F53345}"
EndProject
Project("{F088123C-0E9E-452A-89E6-6BA2F21D5CAC}") = "只为画类图", "只为画类图\只为画类图.modelproj", "{3C0D8FF6-4A01-4236-820B-45DA7A53DF4D}"
EndProject
Project("{8BC9CEB8-8B4A-11D0-8D11-00A0C91BC942}") = "SET测试", "SET测试\SET测试.vcxproj", "{C36E73D8-C599-49D6-B841-2F1247D25DA9}"
EndProject
Project("{8BC9CEB8-8B4A-11D0-8D11-00A0C91BC942}") = "OJ-Inversions", "OJ-Inversions\OJ-Inversions.vcxproj", "{B29B8EF7-6807-4065-BD7A-350D31307E1F}"
EndProject
Project("{8BC9CEB8-8B4A-11D0-8D11-00A0C91BC942}") = "OJ-高精度整数[中等]", "OJ-高精度整数\OJ-高精度整数.vcxproj", "{5B05482B-172F-450B-B8E7-6D1A83906600}"
EndProject
Project("{8BC9CEB8-8B4A-11D0-8D11-00A0C91BC942}") = "OJ-最长无重复字符的子串", "OJ-最长无重复字符的子串\OJ-最长无重复字符的子串.vcxproj", "{B3D5BE88-FEBA-42E0-AAF8-4E2D8D28C697}"
EndProject
Project("{FAE04EC0-301F-11D3-BF4B-00C04F79EFBC}") = "RdpGenerator", "RdpGenerator\RdpGenerator.csproj", "{39ABDF3E-5566-493E-BC74-A1A4061894B7}"
EndProject
Project("{9A19103F-16F7-4668-BE54-9A1E7A4F7556}") = "正则表达式", "正则表达式\正则表达式.csproj", "{FA6F5880-C5E9-433D-9D51-05F08A1B96EA}"
EndProject
Project("{8BC9CEB8-8B4A-11D0-8D11-00A0C91BC942}") = "cursor_image", "cursor_image\cursor_image.vcxproj", "{2DD51342-2560-4E82-AC5D-4DE44C17456B}"
EndProject
Project("{8BC9CEB8-8B4A-11D0-8D11-00A0C91BC942}") = "WindowsProject1", "WindowsProject1\WindowsProject1.vcxproj", "{6294438E-EA01-4C7A-9BC4-6ECF4BF6E5B3}"
EndProject
Project("{8BC9CEB8-8B4A-11D0-8D11-00A0C91BC942}") = "CppConsoleApplication", "CppConsoleApplication\CppConsoleApplication.vcxproj", "{1236D0F4-1214-48AF-AE41-1EF0E5D9C8A8}"
EndProject
Project("{FAE04EC0-301F-11D3-BF4B-00C04F79EFBC}") = "CSharpWindowsForms", "CSharpWindowsForms\CSharpWindowsForms.csproj", "{D53381F6-9647-435B-B612-F9DBFB07D63F}"
EndProject
Global
	GlobalSection(SolutionConfigurationPlatforms) = preSolution
		Debug|Any CPU = Debug|Any CPU
		Debug|x64 = Debug|x64
		Debug|x86 = Debug|x86
		Release|Any CPU = Release|Any CPU
		Release|x64 = Release|x64
		Release|x86 = Release|x86
	EndGlobalSection
	GlobalSection(ProjectConfigurationPlatforms) = postSolution
		{1889FA2D-CCBB-401E-8DC2-9A991CE35D03}.Debug|Any CPU.ActiveCfg = Debug|Win32
		{1889FA2D-CCBB-401E-8DC2-9A991CE35D03}.Debug|x64.ActiveCfg = Debug|x64
		{1889FA2D-CCBB-401E-8DC2-9A991CE35D03}.Debug|x64.Build.0 = Debug|x64
		{1889FA2D-CCBB-401E-8DC2-9A991CE35D03}.Debug|x86.ActiveCfg = Debug|Win32
		{1889FA2D-CCBB-401E-8DC2-9A991CE35D03}.Debug|x86.Build.0 = Debug|Win32
		{1889FA2D-CCBB-401E-8DC2-9A991CE35D03}.Release|Any CPU.ActiveCfg = Release|Win32
		{1889FA2D-CCBB-401E-8DC2-9A991CE35D03}.Release|x64.ActiveCfg = Release|x64
		{1889FA2D-CCBB-401E-8DC2-9A991CE35D03}.Release|x64.Build.0 = Release|x64
		{1889FA2D-CCBB-401E-8DC2-9A991CE35D03}.Release|x86.ActiveCfg = Release|Win32
		{1889FA2D-CCBB-401E-8DC2-9A991CE35D03}.Release|x86.Build.0 = Release|Win32
		{631DD6E1-09EE-4620-8C7A-4D173840D436}.Debug|Any CPU.ActiveCfg = Debug|Win32
		{631DD6E1-09EE-4620-8C7A-4D173840D436}.Debug|x64.ActiveCfg = Debug|x64
		{631DD6E1-09EE-4620-8C7A-4D173840D436}.Debug|x64.Build.0 = Debug|x64
		{631DD6E1-09EE-4620-8C7A-4D173840D436}.Debug|x86.ActiveCfg = Debug|Win32
		{631DD6E1-09EE-4620-8C7A-4D173840D436}.Debug|x86.Build.0 = Debug|Win32
		{631DD6E1-09EE-4620-8C7A-4D173840D436}.Release|Any CPU.ActiveCfg = Release|Win32
		{631DD6E1-09EE-4620-8C7A-4D173840D436}.Release|x64.ActiveCfg = Release|x64
		{631DD6E1-09EE-4620-8C7A-4D173840D436}.Release|x64.Build.0 = Release|x64
		{631DD6E1-09EE-4620-8C7A-4D173840D436}.Release|x86.ActiveCfg = Release|Win32
		{631DD6E1-09EE-4620-8C7A-4D173840D436}.Release|x86.Build.0 = Release|Win32
		{A2B750BF-8B08-41AC-9EF8-31D90F906ACB}.Debug|Any CPU.ActiveCfg = Debug|Win32
		{A2B750BF-8B08-41AC-9EF8-31D90F906ACB}.Debug|x64.ActiveCfg = Debug|x64
		{A2B750BF-8B08-41AC-9EF8-31D90F906ACB}.Debug|x64.Build.0 = Debug|x64
		{A2B750BF-8B08-41AC-9EF8-31D90F906ACB}.Debug|x86.ActiveCfg = Debug|Win32
		{A2B750BF-8B08-41AC-9EF8-31D90F906ACB}.Debug|x86.Build.0 = Debug|Win32
		{A2B750BF-8B08-41AC-9EF8-31D90F906ACB}.Release|Any CPU.ActiveCfg = Release|Win32
		{A2B750BF-8B08-41AC-9EF8-31D90F906ACB}.Release|x64.ActiveCfg = Release|x64
		{A2B750BF-8B08-41AC-9EF8-31D90F906ACB}.Release|x64.Build.0 = Release|x64
		{A2B750BF-8B08-41AC-9EF8-31D90F906ACB}.Release|x86.ActiveCfg = Release|Win32
		{A2B750BF-8B08-41AC-9EF8-31D90F906ACB}.Release|x86.Build.0 = Release|Win32
		{E796E9E2-2A3D-425E-8FBE-D6ED87F53345}.Debug|Any CPU.ActiveCfg = Debug|Any CPU
		{E796E9E2-2A3D-425E-8FBE-D6ED87F53345}.Debug|Any CPU.Build.0 = Debug|Any CPU
		{E796E9E2-2A3D-425E-8FBE-D6ED87F53345}.Debug|x64.ActiveCfg = Debug|Any CPU
		{E796E9E2-2A3D-425E-8FBE-D6ED87F53345}.Debug|x64.Build.0 = Debug|Any CPU
		{E796E9E2-2A3D-425E-8FBE-D6ED87F53345}.Debug|x86.ActiveCfg = Debug|Any CPU
		{E796E9E2-2A3D-425E-8FBE-D6ED87F53345}.Debug|x86.Build.0 = Debug|Any CPU
		{E796E9E2-2A3D-425E-8FBE-D6ED87F53345}.Release|Any CPU.ActiveCfg = Release|Any CPU
		{E796E9E2-2A3D-425E-8FBE-D6ED87F53345}.Release|Any CPU.Build.0 = Release|Any CPU
		{E796E9E2-2A3D-425E-8FBE-D6ED87F53345}.Release|x64.ActiveCfg = Release|Any CPU
		{E796E9E2-2A3D-425E-8FBE-D6ED87F53345}.Release|x64.Build.0 = Release|Any CPU
		{E796E9E2-2A3D-425E-8FBE-D6ED87F53345}.Release|x86.ActiveCfg = Release|Any CPU
		{E796E9E2-2A3D-425E-8FBE-D6ED87F53345}.Release|x86.Build.0 = Release|Any CPU
		{3C0D8FF6-4A01-4236-820B-45DA7A53DF4D}.Debug|Any CPU.ActiveCfg = Debug|Any CPU
		{3C0D8FF6-4A01-4236-820B-45DA7A53DF4D}.Debug|Any CPU.Build.0 = Debug|Any CPU
		{3C0D8FF6-4A01-4236-820B-45DA7A53DF4D}.Debug|x64.ActiveCfg = Debug|Any CPU
		{3C0D8FF6-4A01-4236-820B-45DA7A53DF4D}.Debug|x64.Build.0 = Debug|Any CPU
		{3C0D8FF6-4A01-4236-820B-45DA7A53DF4D}.Debug|x86.ActiveCfg = Debug|Any CPU
		{3C0D8FF6-4A01-4236-820B-45DA7A53DF4D}.Debug|x86.Build.0 = Debug|Any CPU
		{3C0D8FF6-4A01-4236-820B-45DA7A53DF4D}.Release|Any CPU.ActiveCfg = Release|Any CPU
		{3C0D8FF6-4A01-4236-820B-45DA7A53DF4D}.Release|Any CPU.Build.0 = Release|Any CPU
		{3C0D8FF6-4A01-4236-820B-45DA7A53DF4D}.Release|x64.ActiveCfg = Release|Any CPU
		{3C0D8FF6-4A01-4236-820B-45DA7A53DF4D}.Release|x64.Build.0 = Release|Any CPU
		{3C0D8FF6-4A01-4236-820B-45DA7A53DF4D}.Release|x86.ActiveCfg = Release|Any CPU
		{3C0D8FF6-4A01-4236-820B-45DA7A53DF4D}.Release|x86.Build.0 = Release|Any CPU
		{C36E73D8-C599-49D6-B841-2F1247D25DA9}.Debug|Any CPU.ActiveCfg = Debug|Win32
		{C36E73D8-C599-49D6-B841-2F1247D25DA9}.Debug|x64.ActiveCfg = Debug|x64
		{C36E73D8-C599-49D6-B841-2F1247D25DA9}.Debug|x64.Build.0 = Debug|x64
		{C36E73D8-C599-49D6-B841-2F1247D25DA9}.Debug|x86.ActiveCfg = Debug|Win32
		{C36E73D8-C599-49D6-B841-2F1247D25DA9}.Debug|x86.Build.0 = Debug|Win32
		{C36E73D8-C599-49D6-B841-2F1247D25DA9}.Release|Any CPU.ActiveCfg = Release|Win32
		{C36E73D8-C599-49D6-B841-2F1247D25DA9}.Release|x64.ActiveCfg = Release|x64
		{C36E73D8-C599-49D6-B841-2F1247D25DA9}.Release|x64.Build.0 = Release|x64
		{C36E73D8-C599-49D6-B841-2F1247D25DA9}.Release|x86.ActiveCfg = Release|Win32
		{C36E73D8-C599-49D6-B841-2F1247D25DA9}.Release|x86.Build.0 = Release|Win32
		{B29B8EF7-6807-4065-BD7A-350D31307E1F}.Debug|Any CPU.ActiveCfg = Debug|Win32
		{B29B8EF7-6807-4065-BD7A-350D31307E1F}.Debug|x64.ActiveCfg = Debug|x64
		{B29B8EF7-6807-4065-BD7A-350D31307E1F}.Debug|x64.Build.0 = Debug|x64
		{B29B8EF7-6807-4065-BD7A-350D31307E1F}.Debug|x86.ActiveCfg = Debug|Win32
		{B29B8EF7-6807-4065-BD7A-350D31307E1F}.Debug|x86.Build.0 = Debug|Win32
		{B29B8EF7-6807-4065-BD7A-350D31307E1F}.Release|Any CPU.ActiveCfg = Release|Win32
		{B29B8EF7-6807-4065-BD7A-350D31307E1F}.Release|x64.ActiveCfg = Release|x64
		{B29B8EF7-6807-4065-BD7A-350D31307E1F}.Release|x64.Build.0 = Release|x64
		{B29B8EF7-6807-4065-BD7A-350D31307E1F}.Release|x86.ActiveCfg = Release|Win32
		{B29B8EF7-6807-4065-BD7A-350D31307E1F}.Release|x86.Build.0 = Release|Win32
		{5B05482B-172F-450B-B8E7-6D1A83906600}.Debug|Any CPU.ActiveCfg = Debug|Win32
		{5B05482B-172F-450B-B8E7-6D1A83906600}.Debug|x64.ActiveCfg = Debug|x64
		{5B05482B-172F-450B-B8E7-6D1A83906600}.Debug|x64.Build.0 = Debug|x64
		{5B05482B-172F-450B-B8E7-6D1A83906600}.Debug|x86.ActiveCfg = Debug|Win32
		{5B05482B-172F-450B-B8E7-6D1A83906600}.Debug|x86.Build.0 = Debug|Win32
		{5B05482B-172F-450B-B8E7-6D1A83906600}.Release|Any CPU.ActiveCfg = Release|Win32
		{5B05482B-172F-450B-B8E7-6D1A83906600}.Release|x64.ActiveCfg = Release|x64
		{5B05482B-172F-450B-B8E7-6D1A83906600}.Release|x64.Build.0 = Release|x64
		{5B05482B-172F-450B-B8E7-6D1A83906600}.Release|x86.ActiveCfg = Release|Win32
		{5B05482B-172F-450B-B8E7-6D1A83906600}.Release|x86.Build.0 = Release|Win32
		{B3D5BE88-FEBA-42E0-AAF8-4E2D8D28C697}.Debug|Any CPU.ActiveCfg = Debug|Win32
		{B3D5BE88-FEBA-42E0-AAF8-4E2D8D28C697}.Debug|x64.ActiveCfg = Debug|x64
		{B3D5BE88-FEBA-42E0-AAF8-4E2D8D28C697}.Debug|x64.Build.0 = Debug|x64
		{B3D5BE88-FEBA-42E0-AAF8-4E2D8D28C697}.Debug|x86.ActiveCfg = Debug|Win32
		{B3D5BE88-FEBA-42E0-AAF8-4E2D8D28C697}.Debug|x86.Build.0 = Debug|Win32
		{B3D5BE88-FEBA-42E0-AAF8-4E2D8D28C697}.Release|Any CPU.ActiveCfg = Release|Win32
		{B3D5BE88-FEBA-42E0-AAF8-4E2D8D28C697}.Release|x64.ActiveCfg = Release|x64
		{B3D5BE88-FEBA-42E0-AAF8-4E2D8D28C697}.Release|x64.Build.0 = Release|x64
		{B3D5BE88-FEBA-42E0-AAF8-4E2D8D28C697}.Release|x86.ActiveCfg = Release|Win32
		{B3D5BE88-FEBA-42E0-AAF8-4E2D8D28C697}.Release|x86.Build.0 = Release|Win32
		{39ABDF3E-5566-493E-BC74-A1A4061894B7}.Debug|Any CPU.ActiveCfg = Debug|Any CPU
		{39ABDF3E-5566-493E-BC74-A1A4061894B7}.Debug|Any CPU.Build.0 = Debug|Any CPU
		{39ABDF3E-5566-493E-BC74-A1A4061894B7}.Debug|x64.ActiveCfg = Debug|Any CPU
		{39ABDF3E-5566-493E-BC74-A1A4061894B7}.Debug|x64.Build.0 = Debug|Any CPU
		{39ABDF3E-5566-493E-BC74-A1A4061894B7}.Debug|x86.ActiveCfg = Debug|Any CPU
		{39ABDF3E-5566-493E-BC74-A1A4061894B7}.Debug|x86.Build.0 = Debug|Any CPU
		{39ABDF3E-5566-493E-BC74-A1A4061894B7}.Release|Any CPU.ActiveCfg = Release|Any CPU
		{39ABDF3E-5566-493E-BC74-A1A4061894B7}.Release|Any CPU.Build.0 = Release|Any CPU
		{39ABDF3E-5566-493E-BC74-A1A4061894B7}.Release|x64.ActiveCfg = Release|Any CPU
		{39ABDF3E-5566-493E-BC74-A1A4061894B7}.Release|x64.Build.0 = Release|Any CPU
		{39ABDF3E-5566-493E-BC74-A1A4061894B7}.Release|x86.ActiveCfg = Release|Any CPU
		{39ABDF3E-5566-493E-BC74-A1A4061894B7}.Release|x86.Build.0 = Release|Any CPU
		{FA6F5880-C5E9-433D-9D51-05F08A1B96EA}.Debug|Any CPU.ActiveCfg = Debug|Any CPU
		{FA6F5880-C5E9-433D-9D51-05F08A1B96EA}.Debug|Any CPU.Build.0 = Debug|Any CPU
		{FA6F5880-C5E9-433D-9D51-05F08A1B96EA}.Debug|x64.ActiveCfg = Debug|Any CPU
		{FA6F5880-C5E9-433D-9D51-05F08A1B96EA}.Debug|x64.Build.0 = Debug|Any CPU
		{FA6F5880-C5E9-433D-9D51-05F08A1B96EA}.Debug|x86.ActiveCfg = Debug|Any CPU
		{FA6F5880-C5E9-433D-9D51-05F08A1B96EA}.Debug|x86.Build.0 = Debug|Any CPU
		{FA6F5880-C5E9-433D-9D51-05F08A1B96EA}.Release|Any CPU.ActiveCfg = Release|Any CPU
		{FA6F5880-C5E9-433D-9D51-05F08A1B96EA}.Release|Any CPU.Build.0 = Release|Any CPU
		{FA6F5880-C5E9-433D-9D51-05F08A1B96EA}.Release|x64.ActiveCfg = Release|Any CPU
		{FA6F5880-C5E9-433D-9D51-05F08A1B96EA}.Release|x64.Build.0 = Release|Any CPU
		{FA6F5880-C5E9-433D-9D51-05F08A1B96EA}.Release|x86.ActiveCfg = Release|Any CPU
		{FA6F5880-C5E9-433D-9D51-05F08A1B96EA}.Release|x86.Build.0 = Release|Any CPU
		{2DD51342-2560-4E82-AC5D-4DE44C17456B}.Debug|Any CPU.ActiveCfg = Debug|Win32
		{2DD51342-2560-4E82-AC5D-4DE44C17456B}.Debug|x64.ActiveCfg = Debug|x64
		{2DD51342-2560-4E82-AC5D-4DE44C17456B}.Debug|x64.Build.0 = Debug|x64
		{2DD51342-2560-4E82-AC5D-4DE44C17456B}.Debug|x86.ActiveCfg = Debug|Win32
		{2DD51342-2560-4E82-AC5D-4DE44C17456B}.Debug|x86.Build.0 = Debug|Win32
		{2DD51342-2560-4E82-AC5D-4DE44C17456B}.Release|Any CPU.ActiveCfg = Release|Win32
		{2DD51342-2560-4E82-AC5D-4DE44C17456B}.Release|x64.ActiveCfg = Release|x64
		{2DD51342-2560-4E82-AC5D-4DE44C17456B}.Release|x64.Build.0 = Release|x64
		{2DD51342-2560-4E82-AC5D-4DE44C17456B}.Release|x86.ActiveCfg = Release|Win32
		{2DD51342-2560-4E82-AC5D-4DE44C17456B}.Release|x86.Build.0 = Release|Win32
		{6294438E-EA01-4C7A-9BC4-6ECF4BF6E5B3}.Debug|Any CPU.ActiveCfg = Debug|Win32
		{6294438E-EA01-4C7A-9BC4-6ECF4BF6E5B3}.Debug|x64.ActiveCfg = Debug|x64
		{6294438E-EA01-4C7A-9BC4-6ECF4BF6E5B3}.Debug|x64.Build.0 = Debug|x64
		{6294438E-EA01-4C7A-9BC4-6ECF4BF6E5B3}.Debug|x86.ActiveCfg = Debug|Win32
		{6294438E-EA01-4C7A-9BC4-6ECF4BF6E5B3}.Debug|x86.Build.0 = Debug|Win32
		{6294438E-EA01-4C7A-9BC4-6ECF4BF6E5B3}.Release|Any CPU.ActiveCfg = Release|Win32
		{6294438E-EA01-4C7A-9BC4-6ECF4BF6E5B3}.Release|x64.ActiveCfg = Release|x64
		{6294438E-EA01-4C7A-9BC4-6ECF4BF6E5B3}.Release|x64.Build.0 = Release|x64
		{6294438E-EA01-4C7A-9BC4-6ECF4BF6E5B3}.Release|x86.ActiveCfg = Release|Win32
		{6294438E-EA01-4C7A-9BC4-6ECF4BF6E5B3}.Release|x86.Build.0 = Release|Win32
		{1236D0F4-1214-48AF-AE41-1EF0E5D9C8A8}.Debug|Any CPU.ActiveCfg = Debug|Win32
		{1236D0F4-1214-48AF-AE41-1EF0E5D9C8A8}.Debug|x64.ActiveCfg = Debug|x64
		{1236D0F4-1214-48AF-AE41-1EF0E5D9C8A8}.Debug|x64.Build.0 = Debug|x64
		{1236D0F4-1214-48AF-AE41-1EF0E5D9C8A8}.Debug|x86.ActiveCfg = Debug|Win32
		{1236D0F4-1214-48AF-AE41-1EF0E5D9C8A8}.Debug|x86.Build.0 = Debug|Win32
		{1236D0F4-1214-48AF-AE41-1EF0E5D9C8A8}.Release|Any CPU.ActiveCfg = Release|Win32
		{1236D0F4-1214-48AF-AE41-1EF0E5D9C8A8}.Release|x64.ActiveCfg = Release|x64
		{1236D0F4-1214-48AF-AE41-1EF0E5D9C8A8}.Release|x64.Build.0 = Release|x64
		{1236D0F4-1214-48AF-AE41-1EF0E5D9C8A8}.Release|x86.ActiveCfg = Release|Win32
		{1236D0F4-1214-48AF-AE41-1EF0E5D9C8A8}.Release|x86.Build.0 = Release|Win32
		{D53381F6-9647-435B-B612-F9DBFB07D63F}.Debug|Any CPU.ActiveCfg = Debug|Any CPU
		{D53381F6-9647-435B-B612-F9DBFB07D63F}.Debug|Any CPU.Build.0 = Debug|Any CPU
		{D53381F6-9647-435B-B612-F9DBFB07D63F}.Debug|x64.ActiveCfg = Debug|Any CPU
		{D53381F6-9647-435B-B612-F9DBFB07D63F}.Debug|x64.Build.0 = Debug|Any CPU
		{D53381F6-9647-435B-B612-F9DBFB07D63F}.Debug|x86.ActiveCfg = Debug|Any CPU
		{D53381F6-9647-435B-B612-F9DBFB07D63F}.Debug|x86.Build.0 = Debug|Any CPU
		{D53381F6-9647-435B-B612-F9DBFB07D63F}.Release|Any CPU.ActiveCfg = Release|Any CPU
		{D53381F6-9647-435B-B612-F9DBFB07D63F}.Release|Any CPU.Build.0 = Release|Any CPU
		{D53381F6-9647-435B-B612-F9DBFB07D63F}.Release|x64.ActiveCfg = Release|Any CPU
		{D53381F6-9647-435B-B612-F9DBFB07D63F}.Release|x64.Build.0 = Release|Any CPU
		{D53381F6-9647-435B-B612-F9DBFB07D63F}.Release|x86.ActiveCfg = Release|Any CPU
		{D53381F6-9647-435B-B612-F9DBFB07D63F}.Release|x86.Build.0 = Release|Any CPU
	EndGlobalSection
	GlobalSection(SolutionProperties) = preSolution
		HideSolutionNode = FALSE
	EndGlobalSection
	GlobalSection(ExtensibilityGlobals) = postSolution
		SolutionGuid = {4F836C7A-034E-42BF-B3D8-F2ACA3561516}
	EndGlobalSection
EndGlobal
